Microsoft Visual Studio Solution File, Format Version 12.00
# Visual Studio 2012
Project("{FAE04EC0-301F-11D3-BF4B-00C04F79EFBC}") = "HuntersHaul", "HuntersHaul.csproj", "{409AB0F8-1C4A-48FD-9226-48A3C17524EA}"
EndProject
Global
	GlobalSection(SolutionConfigurationPlatforms) = preSolution
	Debug|Any CPU = Debug|Any CPU
	ExportDebug|Any CPU = ExportDebug|Any CPU
	ExportRelease|Any CPU = ExportRelease|Any CPU
	EndGlobalSection
	GlobalSection(ProjectConfigurationPlatforms) = postSolution
		{409AB0F8-1C4A-48FD-9226-48A3C17524EA}.Debug|Any CPU.ActiveCfg = Debug|Any CPU
		{409AB0F8-1C4A-48FD-9226-48A3C17524EA}.Debug|Any CPU.Build.0 = Debug|Any CPU
		{409AB0F8-1C4A-48FD-9226-48A3C17524EA}.ExportDebug|Any CPU.ActiveCfg = ExportDebug|Any CPU
		{409AB0F8-1C4A-48FD-9226-48A3C17524EA}.ExportDebug|Any CPU.Build.0 = ExportDebug|Any CPU
		{409AB0F8-1C4A-48FD-9226-48A3C17524EA}.ExportRelease|Any CPU.ActiveCfg = ExportRelease|Any CPU
		{409AB0F8-1C4A-48FD-9226-48A3C17524EA}.ExportRelease|Any CPU.Build.0 = ExportRelease|Any CPU
	EndGlobalSection
EndGlobal
